
Microsoft Visual Studio Solution File, Format Version 12.00
# Visual Studio Version 16
VisualStudioVersion = 16.0.29920.165
MinimumVisualStudioVersion = 10.0.40219.1
Project("{FAE04EC0-301F-11D3-BF4B-00C04F79EFBC}") = "helloworldapp", "helloworldapp\helloworldapp.csproj", "{EB91E4ED-B957-4ED9-B165-45B0B7A3EAE7}"
EndProject
Global
	GlobalSection(SolutionConfigurationPlatforms) = preSolution
		Debug|Any CPU = Debug|Any CPU
		Release|Any CPU = Release|Any CPU
	EndGlobalSection
	GlobalSection(ProjectConfigurationPlatforms) = postSolution
		{EB91E4ED-B957-4ED9-B165-45B0B7A3EAE7}.Debug|Any CPU.ActiveCfg = Debug|Any CPU
		{EB91E4ED-B957-4ED9-B165-45B0B7A3EAE7}.Debug|Any CPU.Build.0 = Debug|Any CPU
		{EB91E4ED-B957-4ED9-B165-45B0B7A3EAE7}.Release|Any CPU.ActiveCfg = Release|Any CPU
		{EB91E4ED-B957-4ED9-B165-45B0B7A3EAE7}.Release|Any CPU.Build.0 = Release|Any CPU
	EndGlobalSection
	GlobalSection(SolutionProperties) = preSolution
		HideSolutionNode = FALSE
	EndGlobalSection
	GlobalSection(ExtensibilityGlobals) = postSolution
		SolutionGuid = {37150BBE-7930-4EB3-A8DE-02D67DC8BE78}
	EndGlobalSection
EndGlobal
